
Microsoft Visual Studio Solution File, Format Version 12.00
# Visual Studio Version 16
VisualStudioVersion = 16.0.29020.237
MinimumVisualStudioVersion = 10.0.40219.1
Project("{FAE04EC0-301F-11D3-BF4B-00C04F79EFBC}") = "AnonymousTypes", "AnonymousTypes\AnonymousTypes.csproj", "{2117B0F3-E230-48CF-BB08-A654049390BE}"
EndProject
Global
	GlobalSection(SolutionConfigurationPlatforms) = preSolution
		Debug|Any CPU = Debug|Any CPU
		Release|Any CPU = Release|Any CPU
	EndGlobalSection
	GlobalSection(ProjectConfigurationPlatforms) = postSolution
		{2117B0F3-E230-48CF-BB08-A654049390BE}.Debug|Any CPU.ActiveCfg = Debug|Any CPU
		{2117B0F3-E230-48CF-BB08-A654049390BE}.Debug|Any CPU.Build.0 = Debug|Any CPU
		{2117B0F3-E230-48CF-BB08-A654049390BE}.Release|Any CPU.ActiveCfg = Release|Any CPU
		{2117B0F3-E230-48CF-BB08-A654049390BE}.Release|Any CPU.Build.0 = Release|Any CPU
	EndGlobalSection
	GlobalSection(SolutionProperties) = preSolution
		HideSolutionNode = FALSE
	EndGlobalSection
	GlobalSection(ExtensibilityGlobals) = postSolution
		SolutionGuid = {DE197FD0-2F71-4AB9-9B83-828C9589BA02}
	EndGlobalSection
EndGlobal
